// !$*UTF8*$!
{
	archiveVersion = 1;
	classes = {
	};
	objectVersion = 48;
	objects = {

/* Begin PBXBuildFile section */
		53A83B67E3B0977EA6A2608F /* Pods_To_Do_List.framework in Frameworks */ = {isa = PBXBuildFile; fileRef = 7A7AC16EB0A79F23701FDDDF /* Pods_To_Do_List.framework */; };
		E3F7308C184C42075A1EA41D /* Pods_To_Do_ListTests.framework in Frameworks */ = {isa = PBXBuildFile; fileRef = 10A8AB5F4184377E5C396792 /* Pods_To_Do_ListTests.framework */; };
		EE32B4BC1FA2243A00890892 /* AppDelegate.swift in Sources */ = {isa = PBXBuildFile; fileRef = EE32B4BB1FA2243A00890892 /* AppDelegate.swift */; };
		EE32B4BE1FA2243A00890892 /* MainViewController.swift in Sources */ = {isa = PBXBuildFile; fileRef = EE32B4BD1FA2243A00890892 /* MainViewController.swift */; };
		EE32B4C11FA2243A00890892 /* Main.storyboard in Resources */ = {isa = PBXBuildFile; fileRef = EE32B4BF1FA2243A00890892 /* Main.storyboard */; };
		EE32B4C31FA2243A00890892 /* Assets.xcassets in Resources */ = {isa = PBXBuildFile; fileRef = EE32B4C21FA2243A00890892 /* Assets.xcassets */; };
		EE32B4C61FA2243A00890892 /* LaunchScreen.storyboard in Resources */ = {isa = PBXBuildFile; fileRef = EE32B4C41FA2243A00890892 /* LaunchScreen.storyboard */; };
		EE32B4D11FA2243A00890892 /* To_Do_ListTests.swift in Sources */ = {isa = PBXBuildFile; fileRef = EE32B4D01FA2243A00890892 /* To_Do_ListTests.swift */; };
		EE32B4DC1FA228B300890892 /* ToDoItemTableViewCell.swift in Sources */ = {isa = PBXBuildFile; fileRef = EE32B4DB1FA228B300890892 /* ToDoItemTableViewCell.swift */; };
		EE32B4DE1FA22B2100890892 /* ToDoListItem.swift in Sources */ = {isa = PBXBuildFile; fileRef = EE32B4DD1FA22B2100890892 /* ToDoListItem.swift */; };
		EE32B4E21FA22E6700890892 /* ToDoListTableViewController.swift in Sources */ = {isa = PBXBuildFile; fileRef = EE32B4E11FA22E6700890892 /* ToDoListTableViewController.swift */; };
		EE32B4E41FA240EC00890892 /* AddItemViewController.swift in Sources */ = {isa = PBXBuildFile; fileRef = EE32B4E31FA240EC00890892 /* AddItemViewController.swift */; };
		EE44065F1FA30B570053C194 /* ToDoList.swift in Sources */ = {isa = PBXBuildFile; fileRef = EE44065E1FA30B570053C194 /* ToDoList.swift */; };
/* End PBXBuildFile section */

/* Begin PBXContainerItemProxy section */
		EE32B4CD1FA2243A00890892 /* PBXContainerItemProxy */ = {
			isa = PBXContainerItemProxy;
			containerPortal = EE32B4B01FA2243A00890892 /* Project object */;
			proxyType = 1;
			remoteGlobalIDString = EE32B4B71FA2243A00890892;
			remoteInfo = "To Do List";
		};
/* End PBXContainerItemProxy section */

/* Begin PBXFileReference section */
		10A8AB5F4184377E5C396792 /* Pods_To_Do_ListTests.framework */ = {isa = PBXFileReference; explicitFileType = wrapper.framework; includeInIndex = 0; path = Pods_To_Do_ListTests.framework; sourceTree = BUILT_PRODUCTS_DIR; };
		16DFA02858E538DF73CD5F44 /* Pods-To Do ListTests.release.xcconfig */ = {isa = PBXFileReference; includeInIndex = 1; lastKnownFileType = text.xcconfig; name = "Pods-To Do ListTests.release.xcconfig"; path = "Pods/Target Support Files/Pods-To Do ListTests/Pods-To Do ListTests.release.xcconfig"; sourceTree = "<group>"; };
		402D6436C66640F9EBAB23BB /* Pods-To Do List.debug.xcconfig */ = {isa = PBXFileReference; includeInIndex = 1; lastKnownFileType = text.xcconfig; name = "Pods-To Do List.debug.xcconfig"; path = "Pods/Target Support Files/Pods-To Do List/Pods-To Do List.debug.xcconfig"; sourceTree = "<group>"; };
		4FE79ACDA628D58DDD6F52E5 /* Pods-To Do ListTests.debug.xcconfig */ = {isa = PBXFileReference; includeInIndex = 1; lastKnownFileType = text.xcconfig; name = "Pods-To Do ListTests.debug.xcconfig"; path = "Pods/Target Support Files/Pods-To Do ListTests/Pods-To Do ListTests.debug.xcconfig"; sourceTree = "<group>"; };
		7A7AC16EB0A79F23701FDDDF /* Pods_To_Do_List.framework */ = {isa = PBXFileReference; explicitFileType = wrapper.framework; includeInIndex = 0; path = Pods_To_Do_List.framework; sourceTree = BUILT_PRODUCTS_DIR; };
		EE32B4B81FA2243A00890892 /* To Do List.app */ = {isa = PBXFileReference; explicitFileType = wrapper.application; includeInIndex = 0; path = "To Do List.app"; sourceTree = BUILT_PRODUCTS_DIR; };
		EE32B4BB1FA2243A00890892 /* AppDelegate.swift */ = {isa = PBXFileReference; lastKnownFileType = sourcecode.swift; path = AppDelegate.swift; sourceTree = "<group>"; };
		EE32B4BD1FA2243A00890892 /* MainViewController.swift */ = {isa = PBXFileReference; lastKnownFileType = sourcecode.swift; path = MainViewController.swift; sourceTree = "<group>"; };
		EE32B4C01FA2243A00890892 /* Base */ = {isa = PBXFileReference; lastKnownFileType = file.storyboard; name = Base; path = Base.lproj/Main.storyboard; sourceTree = "<group>"; };
		EE32B4C21FA2243A00890892 /* Assets.xcassets */ = {isa = PBXFileReference; lastKnownFileType = folder.assetcatalog; path = Assets.xcassets; sourceTree = "<group>"; };
		EE32B4C51FA2243A00890892 /* Base */ = {isa = PBXFileReference; lastKnownFileType = file.storyboard; name = Base; path = Base.lproj/LaunchScreen.storyboard; sourceTree = "<group>"; };
		EE32B4C71FA2243A00890892 /* Info.plist */ = {isa = PBXFileReference; lastKnownFileType = text.plist.xml; path = Info.plist; sourceTree = "<group>"; };
		EE32B4CC1FA2243A00890892 /* To Do ListTests.xctest */ = {isa = PBXFileReference; explicitFileType = wrapper.cfbundle; includeInIndex = 0; path = "To Do ListTests.xctest"; sourceTree = BUILT_PRODUCTS_DIR; };
		EE32B4D01FA2243A00890892 /* To_Do_ListTests.swift */ = {isa = PBXFileReference; lastKnownFileType = sourcecode.swift; path = To_Do_ListTests.swift; sourceTree = "<group>"; };
		EE32B4D21FA2243A00890892 /* Info.plist */ = {isa = PBXFileReference; lastKnownFileType = text.plist.xml; path = Info.plist; sourceTree = "<group>"; };
		EE32B4DB1FA228B300890892 /* ToDoItemTableViewCell.swift */ = {isa = PBXFileReference; lastKnownFileType = sourcecode.swift; path = ToDoItemTableViewCell.swift; sourceTree = "<group>"; };
		EE32B4DD1FA22B2100890892 /* ToDoListItem.swift */ = {isa = PBXFileReference; lastKnownFileType = sourcecode.swift; path = ToDoListItem.swift; sourceTree = "<group>"; };
		EE32B4E11FA22E6700890892 /* ToDoListTableViewController.swift */ = {isa = PBXFileReference; lastKnownFileType = sourcecode.swift; path = ToDoListTableViewController.swift; sourceTree = "<group>"; };
		EE32B4E31FA240EC00890892 /* AddItemViewController.swift */ = {isa = PBXFileReference; lastKnownFileType = sourcecode.swift; path = AddItemViewController.swift; sourceTree = "<group>"; };
		EE44065E1FA30B570053C194 /* ToDoList.swift */ = {isa = PBXFileReference; lastKnownFileType = sourcecode.swift; path = ToDoList.swift; sourceTree = "<group>"; };
		F7BEDC45918A363F4BFA40ED /* Pods-To Do List.release.xcconfig */ = {isa = PBXFileReference; includeInIndex = 1; lastKnownFileType = text.xcconfig; name = "Pods-To Do List.release.xcconfig"; path = "Pods/Target Support Files/Pods-To Do List/Pods-To Do List.release.xcconfig"; sourceTree = "<group>"; };
/* End PBXFileReference section */

/* Begin PBXFrameworksBuildPhase section */
		EE32B4B51FA2243A00890892 /* Frameworks */ = {
			isa = PBXFrameworksBuildPhase;
			buildActionMask = 2147483647;
			files = (
				53A83B67E3B0977EA6A2608F /* Pods_To_Do_List.framework in Frameworks */,
			);
			runOnlyForDeploymentPostprocessing = 0;
		};
		EE32B4C91FA2243A00890892 /* Frameworks */ = {
			isa = PBXFrameworksBuildPhase;
			buildActionMask = 2147483647;
			files = (
				E3F7308C184C42075A1EA41D /* Pods_To_Do_ListTests.framework in Frameworks */,
			);
			runOnlyForDeploymentPostprocessing = 0;
		};
/* End PBXFrameworksBuildPhase section */

/* Begin PBXGroup section */
		1983F4F770D32D2DA7F22B77 /* Pods */ = {
			isa = PBXGroup;
			children = (
				402D6436C66640F9EBAB23BB /* Pods-To Do List.debug.xcconfig */,
				F7BEDC45918A363F4BFA40ED /* Pods-To Do List.release.xcconfig */,
				4FE79ACDA628D58DDD6F52E5 /* Pods-To Do ListTests.debug.xcconfig */,
				16DFA02858E538DF73CD5F44 /* Pods-To Do ListTests.release.xcconfig */,
			);
			name = Pods;
			sourceTree = "<group>";
		};
		3A79558D2A51B98EF91DC653 /* Frameworks */ = {
			isa = PBXGroup;
			children = (
				7A7AC16EB0A79F23701FDDDF /* Pods_To_Do_List.framework */,
				10A8AB5F4184377E5C396792 /* Pods_To_Do_ListTests.framework */,
			);
			name = Frameworks;
			sourceTree = "<group>";
		};
		EE32B4AF1FA2243A00890892 = {
			isa = PBXGroup;
			children = (
				EE32B4BA1FA2243A00890892 /* To Do List */,
				EE32B4CF1FA2243A00890892 /* To Do ListTests */,
				EE32B4B91FA2243A00890892 /* Products */,
				1983F4F770D32D2DA7F22B77 /* Pods */,
				3A79558D2A51B98EF91DC653 /* Frameworks */,
			);
			sourceTree = "<group>";
		};
		EE32B4B91FA2243A00890892 /* Products */ = {
			isa = PBXGroup;
			children = (
				EE32B4B81FA2243A00890892 /* To Do List.app */,
				EE32B4CC1FA2243A00890892 /* To Do ListTests.xctest */,
			);
			name = Products;
			sourceTree = "<group>";
		};
		EE32B4BA1FA2243A00890892 /* To Do List */ = {
			isa = PBXGroup;
			children = (
				EE32B4E11FA22E6700890892 /* ToDoListTableViewController.swift */,
				EE32B4BB1FA2243A00890892 /* AppDelegate.swift */,
				EE32B4BD1FA2243A00890892 /* MainViewController.swift */,
				EE32B4BF1FA2243A00890892 /* Main.storyboard */,
				EE32B4E31FA240EC00890892 /* AddItemViewController.swift */,
				EE32B4DD1FA22B2100890892 /* ToDoListItem.swift */,
				EE44065E1FA30B570053C194 /* ToDoList.swift */,
				EE32B4DB1FA228B300890892 /* ToDoItemTableViewCell.swift */,
				EE32B4C21FA2243A00890892 /* Assets.xcassets */,
				EE32B4C41FA2243A00890892 /* LaunchScreen.storyboard */,
				EE32B4C71FA2243A00890892 /* Info.plist */,
			);
			path = "To Do List";
			sourceTree = "<group>";
		};
		EE32B4CF1FA2243A00890892 /* To Do ListTests */ = {
			isa = PBXGroup;
			children = (
				EE32B4D01FA2243A00890892 /* To_Do_ListTests.swift */,
				EE32B4D21FA2243A00890892 /* Info.plist */,
			);
			path = "To Do ListTests";
			sourceTree = "<group>";
		};
/* End PBXGroup section */

/* Begin PBXNativeTarget section */
		EE32B4B71FA2243A00890892 /* To Do List */ = {
			isa = PBXNativeTarget;
			buildConfigurationList = EE32B4D51FA2243A00890892 /* Build configuration list for PBXNativeTarget "To Do List" */;
			buildPhases = (
				625531D5F160D83741C235BB /* [CP] Check Pods Manifest.lock */,
				EE32B4B41FA2243A00890892 /* Sources */,
				EE32B4B51FA2243A00890892 /* Frameworks */,
				EE32B4B61FA2243A00890892 /* Resources */,
				817CF947FE4AA8E36252E8FF /* [CP] Embed Pods Frameworks */,
				5A738F21CE880E2CB5BFB5E4 /* [CP] Copy Pods Resources */,
			);
			buildRules = (
			);
			dependencies = (
			);
			name = "To Do List";
			productName = "To Do List";
			productReference = EE32B4B81FA2243A00890892 /* To Do List.app */;
			productType = "com.apple.product-type.application";
		};
		EE32B4CB1FA2243A00890892 /* To Do ListTests */ = {
			isa = PBXNativeTarget;
			buildConfigurationList = EE32B4D81FA2243A00890892 /* Build configuration list for PBXNativeTarget "To Do ListTests" */;
			buildPhases = (
				5E8DE5B1A45E4E96827DC003 /* [CP] Check Pods Manifest.lock */,
				EE32B4C81FA2243A00890892 /* Sources */,
				EE32B4C91FA2243A00890892 /* Frameworks */,
				EE32B4CA1FA2243A00890892 /* Resources */,
				43483FD3F9BA6CCA5FB22ACB /* [CP] Embed Pods Frameworks */,
				225F37694A6878D2B718297E /* [CP] Copy Pods Resources */,
			);
			buildRules = (
			);
			dependencies = (
				EE32B4CE1FA2243A00890892 /* PBXTargetDependency */,
			);
			name = "To Do ListTests";
			productName = "To Do ListTests";
			productReference = EE32B4CC1FA2243A00890892 /* To Do ListTests.xctest */;
			productType = "com.apple.product-type.bundle.unit-test";
		};
/* End PBXNativeTarget section */

/* Begin PBXProject section */
		EE32B4B01FA2243A00890892 /* Project object */ = {
			isa = PBXProject;
			attributes = {
				LastSwiftUpdateCheck = 0900;
				LastUpgradeCheck = 0900;
				ORGANIZATIONNAME = "Shobhit Bakliwal";
				TargetAttributes = {
					EE32B4B71FA2243A00890892 = {
						CreatedOnToolsVersion = 9.0.1;
						ProvisioningStyle = Automatic;
					};
					EE32B4CB1FA2243A00890892 = {
						CreatedOnToolsVersion = 9.0.1;
						ProvisioningStyle = Automatic;
						TestTargetID = EE32B4B71FA2243A00890892;
					};
				};
			};
			buildConfigurationList = EE32B4B31FA2243A00890892 /* Build configuration list for PBXProject "To Do List" */;
			compatibilityVersion = "Xcode 8.0";
			developmentRegion = en;
			hasScannedForEncodings = 0;
			knownRegions = (
				en,
				Base,
			);
			mainGroup = EE32B4AF1FA2243A00890892;
			productRefGroup = EE32B4B91FA2243A00890892 /* Products */;
			projectDirPath = "";
			projectRoot = "";
			targets = (
				EE32B4B71FA2243A00890892 /* To Do List */,
				EE32B4CB1FA2243A00890892 /* To Do ListTests */,
			);
		};
/* End PBXProject section */

/* Begin PBXResourcesBuildPhase section */
		EE32B4B61FA2243A00890892 /* Resources */ = {
			isa = PBXResourcesBuildPhase;
			buildActionMask = 2147483647;
			files = (
				EE32B4C61FA2243A00890892 /* LaunchScreen.storyboard in Resources */,
				EE32B4C31FA2243A00890892 /* Assets.xcassets in Resources */,
				EE32B4C11FA2243A00890892 /* Main.storyboard in Resources */,
			);
			runOnlyForDeploymentPostprocessing = 0;
		};
		EE32B4CA1FA2243A00890892 /* Resources */ = {
			isa = PBXResourcesBuildPhase;
			buildActionMask = 2147483647;
			files = (
			);
			runOnlyForDeploymentPostprocessing = 0;
		};
/* End PBXResourcesBuildPhase section */

/* Begin PBXShellScriptBuildPhase section */
		225F37694A6878D2B718297E /* [CP] Copy Pods Resources */ = {
			isa = PBXShellScriptBuildPhase;
			buildActionMask = 2147483647;
			files = (
			);
			inputPaths = (
			);
			name = "[CP] Copy Pods Resources";
			outputPaths = (
			);
			runOnlyForDeploymentPostprocessing = 0;
			shellPath = /bin/sh;
			shellScript = "\"${SRCROOT}/Pods/Target Support Files/Pods-To Do ListTests/Pods-To Do ListTests-resources.sh\"\n";
			showEnvVarsInLog = 0;
		};
		43483FD3F9BA6CCA5FB22ACB /* [CP] Embed Pods Frameworks */ = {
			isa = PBXShellScriptBuildPhase;
			buildActionMask = 2147483647;
			files = (
			);
			inputPaths = (
			);
			name = "[CP] Embed Pods Frameworks";
			outputPaths = (
			);
			runOnlyForDeploymentPostprocessing = 0;
			shellPath = /bin/sh;
			shellScript = "\"${SRCROOT}/Pods/Target Support Files/Pods-To Do ListTests/Pods-To Do ListTests-frameworks.sh\"\n";
			showEnvVarsInLog = 0;
		};
		5A738F21CE880E2CB5BFB5E4 /* [CP] Copy Pods Resources */ = {
			isa = PBXShellScriptBuildPhase;
			buildActionMask = 2147483647;
			files = (
			);
			inputPaths = (
			);
			name = "[CP] Copy Pods Resources";
			outputPaths = (
			);
			runOnlyForDeploymentPostprocessing = 0;
			shellPath = /bin/sh;
			shellScript = "\"${SRCROOT}/Pods/Target Support Files/Pods-To Do List/Pods-To Do List-resources.sh\"\n";
			showEnvVarsInLog = 0;
		};
		5E8DE5B1A45E4E96827DC003 /* [CP] Check Pods Manifest.lock */ = {
			isa = PBXShellScriptBuildPhase;
			buildActionMask = 2147483647;
			files = (
			);
			inputPaths = (
			);
			name = "[CP] Check Pods Manifest.lock";
			outputPaths = (
			);
			runOnlyForDeploymentPostprocessing = 0;
			shellPath = /bin/sh;
			shellScript = "diff \"${PODS_PODFILE_DIR_PATH}/Podfile.lock\" \"${PODS_ROOT}/Manifest.lock\" > /dev/null\nif [ $? != 0 ] ; then\n    # print error to STDERR\n    echo \"error: The sandbox is not in sync with the Podfile.lock. Run 'pod install' or update your CocoaPods installation.\" >&2\n    exit 1\nfi\n";
			showEnvVarsInLog = 0;
		};
		625531D5F160D83741C235BB /* [CP] Check Pods Manifest.lock */ = {
			isa = PBXShellScriptBuildPhase;
			buildActionMask = 2147483647;
			files = (
			);
			inputPaths = (
			);
			name = "[CP] Check Pods Manifest.lock";
			outputPaths = (
			);
			runOnlyForDeploymentPostprocessing = 0;
			shellPath = /bin/sh;
			shellScript = "diff \"${PODS_PODFILE_DIR_PATH}/Podfile.lock\" \"${PODS_ROOT}/Manifest.lock\" > /dev/null\nif [ $? != 0 ] ; then\n    # print error to STDERR\n    echo \"error: The sandbox is not in sync with the Podfile.lock. Run 'pod install' or update your CocoaPods installation.\" >&2\n    exit 1\nfi\n";
			showEnvVarsInLog = 0;
		};
		817CF947FE4AA8E36252E8FF /* [CP] Embed Pods Frameworks */ = {
			isa = PBXShellScriptBuildPhase;
			buildActionMask = 2147483647;
			files = (
			);
			inputPaths = (
			);
			name = "[CP] Embed Pods Frameworks";
			outputPaths = (
			);
			runOnlyForDeploymentPostprocessing = 0;
			shellPath = /bin/sh;
			shellScript = "\"${SRCROOT}/Pods/Target Support Files/Pods-To Do List/Pods-To Do List-frameworks.sh\"\n";
			showEnvVarsInLog = 0;
		};
/* End PBXShellScriptBuildPhase section */

/* Begin PBXSourcesBuildPhase section */
		EE32B4B41FA2243A00890892 /* Sources */ = {
			isa = PBXSourcesBuildPhase;
			buildActionMask = 2147483647;
			files = (
				EE32B4BE1FA2243A00890892 /* MainViewController.swift in Sources */,
				EE32B4E21FA22E6700890892 /* ToDoListTableViewController.swift in Sources */,
				EE32B4DC1FA228B300890892 /* ToDoItemTableViewCell.swift in Sources */,
				EE44065F1FA30B570053C194 /* ToDoList.swift in Sources */,
				EE32B4DE1FA22B2100890892 /* ToDoListItem.swift in Sources */,
				EE32B4BC1FA2243A00890892 /* AppDelegate.swift in Sources */,
				EE32B4E41FA240EC00890892 /* AddItemViewController.swift in Sources */,
			);
			runOnlyForDeploymentPostprocessing = 0;
		};
		EE32B4C81FA2243A00890892 /* Sources */ = {
			isa = PBXSourcesBuildPhase;
			buildActionMask = 2147483647;
			files = (
				EE32B4D11FA2243A00890892 /* To_Do_ListTests.swift in Sources */,
			);
			runOnlyForDeploymentPostprocessing = 0;
		};
/* End PBXSourcesBuildPhase section */

/* Begin PBXTargetDependency section */
		EE32B4CE1FA2243A00890892 /* PBXTargetDependency */ = {
			isa = PBXTargetDependency;
			target = EE32B4B71FA2243A00890892 /* To Do List */;
			targetProxy = EE32B4CD1FA2243A00890892 /* PBXContainerItemProxy */;
		};
/* End PBXTargetDependency section */

/* Begin PBXVariantGroup section */
		EE32B4BF1FA2243A00890892 /* Main.storyboard */ = {
			isa = PBXVariantGroup;
			children = (
				EE32B4C01FA2243A00890892 /* Base */,
			);
			name = Main.storyboard;
			sourceTree = "<group>";
		};
		EE32B4C41FA2243A00890892 /* LaunchScreen.storyboard */ = {
			isa = PBXVariantGroup;
			children = (
				EE32B4C51FA2243A00890892 /* Base */,
			);
			name = LaunchScreen.storyboard;
			sourceTree = "<group>";
		};
/* End PBXVariantGroup section */

/* Begin XCBuildConfiguration section */
		EE32B4D31FA2243A00890892 /* Debug */ = {
			isa = XCBuildConfiguration;
			buildSettings = {
				ALWAYS_SEARCH_USER_PATHS = NO;
				CLANG_ANALYZER_NONNULL = YES;
				CLANG_ANALYZER_NUMBER_OBJECT_CONVERSION = YES_AGGRESSIVE;
				CLANG_CXX_LANGUAGE_STANDARD = "gnu++14";
				CLANG_CXX_LIBRARY = "libc++";
				CLANG_ENABLE_MODULES = YES;
				CLANG_ENABLE_OBJC_ARC = YES;
				CLANG_WARN_BLOCK_CAPTURE_AUTORELEASING = YES;
				CLANG_WARN_BOOL_CONVERSION = YES;
				CLANG_WARN_COMMA = YES;
				CLANG_WARN_CONSTANT_CONVERSION = YES;
				CLANG_WARN_DIRECT_OBJC_ISA_USAGE = YES_ERROR;
				CLANG_WARN_DOCUMENTATION_COMMENTS = YES;
				CLANG_WARN_EMPTY_BODY = YES;
				CLANG_WARN_ENUM_CONVERSION = YES;
				CLANG_WARN_INFINITE_RECURSION = YES;
				CLANG_WARN_INT_CONVERSION = YES;
				CLANG_WARN_NON_LITERAL_NULL_CONVERSION = YES;
				CLANG_WARN_OBJC_LITERAL_CONVERSION = YES;
				CLANG_WARN_OBJC_ROOT_CLASS = YES_ERROR;
				CLANG_WARN_RANGE_LOOP_ANALYSIS = YES;
				CLANG_WARN_STRICT_PROTOTYPES = YES;
				CLANG_WARN_SUSPICIOUS_MOVE = YES;
				CLANG_WARN_UNGUARDED_AVAILABILITY = YES_AGGRESSIVE;
				CLANG_WARN_UNREACHABLE_CODE = YES;
				CLANG_WARN__DUPLICATE_METHOD_MATCH = YES;
				CODE_SIGN_IDENTITY = "iPhone Developer";
				COPY_PHASE_STRIP = NO;
				DEBUG_INFORMATION_FORMAT = dwarf;
				ENABLE_STRICT_OBJC_MSGSEND = YES;
				ENABLE_TESTABILITY = YES;
				GCC_C_LANGUAGE_STANDARD = gnu11;
				GCC_DYNAMIC_NO_PIC = NO;
				GCC_NO_COMMON_BLOCKS = YES;
				GCC_OPTIMIZATION_LEVEL = 0;
				GCC_PREPROCESSOR_DEFINITIONS = (
					"DEBUG=1",
					"$(inherited)",
				);
				GCC_WARN_64_TO_32_BIT_CONVERSION = YES;
				GCC_WARN_ABOUT_RETURN_TYPE = YES_ERROR;
				GCC_WARN_UNDECLARED_SELECTOR = YES;
				GCC_WARN_UNINITIALIZED_AUTOS = YES_AGGRESSIVE;
				GCC_WARN_UNUSED_FUNCTION = YES;
				GCC_WARN_UNUSED_VARIABLE = YES;
				IPHONEOS_DEPLOYMENT_TARGET = 11.0;
				MTL_ENABLE_DEBUG_INFO = YES;
				ONLY_ACTIVE_ARCH = YES;
				SDKROOT = iphoneos;
				SWIFT_ACTIVE_COMPILATION_CONDITIONS = DEBUG;
				SWIFT_OPTIMIZATION_LEVEL = "-Onone";
			};
			name = Debug;
		};
		EE32B4D41FA2243A00890892 /* Release */ = {
			isa = XCBuildConfiguration;
			buildSettings = {
				ALWAYS_SEARCH_USER_PATHS = NO;
				CLANG_ANALYZER_NONNULL = YES;
				CLANG_ANALYZER_NUMBER_OBJECT_CONVERSION = YES_AGGRESSIVE;
				CLANG_CXX_LANGUAGE_STANDARD = "gnu++14";
				CLANG_CXX_LIBRARY = "libc++";
				CLANG_ENABLE_MODULES = YES;
				CLANG_ENABLE_OBJC_ARC = YES;
				CLANG_WARN_BLOCK_CAPTURE_AUTORELEASING = YES;
				CLANG_WARN_BOOL_CONVERSION = YES;
				CLANG_WARN_COMMA = YES;
				CLANG_WARN_CONSTANT_CONVERSION = YES;
				CLANG_WARN_DIRECT_OBJC_ISA_USAGE = YES_ERROR;
				CLANG_WARN_DOCUMENTATION_COMMENTS = YES;
				CLANG_WARN_EMPTY_BODY = YES;
				CLANG_WARN_ENUM_CONVERSION = YES;
				CLANG_WARN_INFINITE_RECURSION = YES;
				CLANG_WARN_INT_CONVERSION = YES;
				CLANG_WARN_NON_LITERAL_NULL_CONVERSION = YES;
				CLANG_WARN_OBJC_LITERAL_CONVERSION = YES;
				CLANG_WARN_OBJC_ROOT_CLASS = YES_ERROR;
				CLANG_WARN_RANGE_LOOP_ANALYSIS = YES;
				CLANG_WARN_STRICT_PROTOTYPES = YES;
				CLANG_WARN_SUSPICIOUS_MOVE = YES;
				CLANG_WARN_UNGUARDED_AVAILABILITY = YES_AGGRESSIVE;
				CLANG_WARN_UNREACHABLE_CODE = YES;
				CLANG_WARN__DUPLICATE_METHOD_MATCH = YES;
				CODE_SIGN_IDENTITY = "iPhone Developer";
				COPY_PHASE_STRIP = NO;
				DEBUG_INFORMATION_FORMAT = "dwarf-with-dsym";
				ENABLE_NS_ASSERTIONS = NO;
				ENABLE_STRICT_OBJC_MSGSEND = YES;
				GCC_C_LANGUAGE_STANDARD = gnu11;
				GCC_NO_COMMON_BLOCKS = YES;
				GCC_WARN_64_TO_32_BIT_CONVERSION = YES;
				GCC_WARN_ABOUT_RETURN_TYPE = YES_ERROR;
				GCC_WARN_UNDECLARED_SELECTOR = YES;
				GCC_WARN_UNINITIALIZED_AUTOS = YES_AGGRESSIVE;
				GCC_WARN_UNUSED_FUNCTION = YES;
				GCC_WARN_UNUSED_VARIABLE = YES;
				IPHONEOS_DEPLOYMENT_TARGET = 11.0;
				MTL_ENABLE_DEBUG_INFO = NO;
				SDKROOT = iphoneos;
				SWIFT_OPTIMIZATION_LEVEL = "-Owholemodule";
				VALIDATE_PRODUCT = YES;
			};
			name = Release;
		};
		EE32B4D61FA2243A00890892 /* Debug */ = {
			isa = XCBuildConfiguration;
			baseConfigurationReference = 402D6436C66640F9EBAB23BB /* Pods-To Do List.debug.xcconfig */;
			buildSettings = {
				ASSETCATALOG_COMPILER_APPICON_NAME = AppIcon;
				CODE_SIGN_STYLE = Automatic;
				INFOPLIST_FILE = "To Do List/Info.plist";
				LD_RUNPATH_SEARCH_PATHS = "$(inherited) @executable_path/Frameworks";
				PRODUCT_BUNDLE_IDENTIFIER = "com.indusbit.To-Do-List";
				PRODUCT_NAME = "$(TARGET_NAME)";
				SWIFT_VERSION = 4.0;
				TARGETED_DEVICE_FAMILY = "1,2";
			};
			name = Debug;
		};
		EE32B4D71FA2243A00890892 /* Release */ = {
			isa = XCBuildConfiguration;
			baseConfigurationReference = F7BEDC45918A363F4BFA40ED /* Pods-To Do List.release.xcconfig */;
			buildSettings = {
				ASSETCATALOG_COMPILER_APPICON_NAME = AppIcon;
				CODE_SIGN_STYLE = Automatic;
				INFOPLIST_FILE = "To Do List/Info.plist";
				LD_RUNPATH_SEARCH_PATHS = "$(inherited) @executable_path/Frameworks";
				PRODUCT_BUNDLE_IDENTIFIER = "com.indusbit.To-Do-List";
				PRODUCT_NAME = "$(TARGET_NAME)";
				SWIFT_VERSION = 4.0;
				TARGETED_DEVICE_FAMILY = "1,2";
			};
			name = Release;
		};
		EE32B4D91FA2243A00890892 /* Debug */ = {
			isa = XCBuildConfiguration;
			baseConfigurationReference = 4FE79ACDA628D58DDD6F52E5 /* Pods-To Do ListTests.debug.xcconfig */;
			buildSettings = {
				ALWAYS_EMBED_SWIFT_STANDARD_LIBRARIES = YES;
				BUNDLE_LOADER = "$(TEST_HOST)";
				CODE_SIGN_STYLE = Automatic;
				INFOPLIST_FILE = "To Do ListTests/Info.plist";
				LD_RUNPATH_SEARCH_PATHS = "$(inherited) @executable_path/Frameworks @loader_path/Frameworks";
				PRODUCT_BUNDLE_IDENTIFIER = "com.indusbit.To-Do-ListTests";
				PRODUCT_NAME = "$(TARGET_NAME)";
				SWIFT_VERSION = 4.0;
				TARGETED_DEVICE_FAMILY = "1,2";
				TEST_HOST = "$(BUILT_PRODUCTS_DIR)/To Do List.app/To Do List";
			};
			name = Debug;
		};
		EE32B4DA1FA2243A00890892 /* Release */ = {
			isa = XCBuildConfiguration;
			baseConfigurationReference = 16DFA02858E538DF73CD5F44 /* Pods-To Do ListTests.release.xcconfig */;
			buildSettings = {
				ALWAYS_EMBED_SWIFT_STANDARD_LIBRARIES = YES;
				BUNDLE_LOADER = "$(TEST_HOST)";
				CODE_SIGN_STYLE = Automatic;
				INFOPLIST_FILE = "To Do ListTests/Info.plist";
				LD_RUNPATH_SEARCH_PATHS = "$(inherited) @executable_path/Frameworks @loader_path/Frameworks";
				PRODUCT_BUNDLE_IDENTIFIER = "com.indusbit.To-Do-ListTests";
				PRODUCT_NAME = "$(TARGET_NAME)";
				SWIFT_VERSION = 4.0;
				TARGETED_DEVICE_FAMILY = "1,2";
				TEST_HOST = "$(BUILT_PRODUCTS_DIR)/To Do List.app/To Do List";
			};
			name = Release;
		};
/* End XCBuildConfiguration section */

/* Begin XCConfigurationList section */
		EE32B4B31FA2243A00890892 /* Build configuration list for PBXProject "To Do List" */ = {
			isa = XCConfigurationList;
			buildConfigurations = (
				EE32B4D31FA2243A00890892 /* Debug */,
				EE32B4D41FA2243A00890892 /* Release */,
			);
			defaultConfigurationIsVisible = 0;
			defaultConfigurationName = Release;
		};
		EE32B4D51FA2243A00890892 /* Build configuration list for PBXNativeTarget "To Do List" */ = {
			isa = XCConfigurationList;
			buildConfigurations = (
				EE32B4D61FA2243A00890892 /* Debug */,
				EE32B4D71FA2243A00890892 /* Release */,
			);
			defaultConfigurationIsVisible = 0;
			defaultConfigurationName = Release;
		};
		EE32B4D81FA2243A00890892 /* Build configuration list for PBXNativeTarget "To Do ListTests" */ = {
			isa = XCConfigurationList;
			buildConfigurations = (
				EE32B4D91FA2243A00890892 /* Debug */,
				EE32B4DA1FA2243A00890892 /* Release */,
			);
			defaultConfigurationIsVisible = 0;
			defaultConfigurationName = Release;
		};
/* End XCConfigurationList section */
	};
	rootObject = EE32B4B01FA2243A00890892 /* Project object */;
}
